// !$*UTF8*$!
{
	archiveVersion = 1;
	classes = {
	};
	objectVersion = 77;
	objects = {

/* Begin PBXContainerItemProxy section */
		19CFD4172FC48B0E00BC45BB /* PBXContainerItemProxy */ = {
			isa = PBXContainerItemProxy;
			containerPortal = 19CFD3FF2FC48B0C00BC45BB /* Project object */;
			proxyType = 1;
			remoteGlobalIDString = 19CFD4062FC48B0C00BC45BB;
			remoteInfo = Stryde;
		};
		19CFD4212FC48B0E00BC45BB /* PBXContainerItemProxy */ = {
			isa = PBXContainerItemProxy;
			containerPortal = 19CFD3FF2FC48B0C00BC45BB /* Project object */;
			proxyType = 1;
			remoteGlobalIDString = 19CFD4062FC48B0C00BC45BB;
			remoteInfo = Stryde;
		};
/* End PBXContainerItemProxy section */

/* Begin PBXFileReference section */
		19CFD4072FC48B0C00BC45BB /* Stryde.app */ = {isa = PBXFileReference; explicitFileType = wrapper.application; includeInIndex = 0; path = Stryde.app; sourceTree = BUILT_PRODUCTS_DIR; };
		19CFD4162FC48B0E00BC45BB /* StrydeTests.xctest */ = {isa = PBXFileReference; explicitFileType = wrapper.cfbundle; includeInIndex = 0; path = StrydeTests.xctest; sourceTree = BUILT_PRODUCTS_DIR; };
		19CFD4202FC48B0E00BC45BB /* StrydeUITests.xctest */ = {isa = PBXFileReference; explicitFileType = wrapper.cfbundle; includeInIndex = 0; path = StrydeUITests.xctest; sourceTree = BUILT_PRODUCTS_DIR; };
/* End PBXFileReference section */

/* Begin PBXFileSystemSynchronizedBuildFileExceptionSet section */
		BA5E000E00000000000000BB /* Exceptions for "Stryde" folder in "Stryde" target */ = {
			isa = PBXFileSystemSynchronizedBuildFileExceptionSet;
			membershipExceptions = (
				Info.plist,
			);
			target = 19CFD4062FC48B0C00BC45BB /* Stryde */;
		};
/* End PBXFileSystemSynchronizedBuildFileExceptionSet section */

/* Begin PBXFileSystemSynchronizedRootGroup section */
		19CFD4092FC48B0C00BC45BB /* Stryde */ = {
			isa = PBXFileSystemSynchronizedRootGroup;
			exceptions = (
				BA5E000E00000000000000BB /* Exceptions for "Stryde" folder in "Stryde" target */,
			);
			path = Stryde;
			sourceTree = "<group>";
		};
		19CFD4192FC48B0E00BC45BB /* StrydeTests */ = {
			isa = PBXFileSystemSynchronizedRootGroup;
			path = StrydeTests;
			sourceTree = "<group>";
		};
		19CFD4232FC48B0E00BC45BB /* StrydeUITests */ = {
			isa = PBXFileSystemSynchronizedRootGroup;
			path = StrydeUITests;
			sourceTree = "<group>";
		};
/* End PBXFileSystemSynchronizedRootGroup section */

/* Begin PBXFrameworksBuildPhase section */
		19CFD4042FC48B0C00BC45BB /* Frameworks */ = {
			isa = PBXFrameworksBuildPhase;
			buildActionMask = 2147483647;
			files = (
			);
			runOnlyForDeploymentPostprocessing = 0;
		};
		19CFD4132FC48B0E00BC45BB /* Frameworks */ = {
			isa = PBXFrameworksBuildPhase;
			buildActionMask = 2147483647;
			files = (
			);
			runOnlyForDeploymentPostprocessing = 0;
		};
		19CFD41D2FC48B0E00BC45BB /* Frameworks */ = {
			isa = PBXFrameworksBuildPhase;
			buildActionMask = 2147483647;
			files = (
			);
			runOnlyForDeploymentPostprocessing = 0;
		};
/* End PBXFrameworksBuildPhase section */

/* Begin PBXGroup section */
		19CFD3FE2FC48B0C00BC45BB = {
			isa = PBXGroup;
			children = (
				19CFD4092FC48B0C00BC45BB /* Stryde */,
				19CFD4192FC48B0E00BC45BB /* StrydeTests */,
				19CFD4232FC48B0E00BC45BB /* StrydeUITests */,
				19CFD4082FC48B0C00BC45BB /* Products */,
			);
			sourceTree = "<group>";
		};
		19CFD4082FC48B0C00BC45BB /* Products */ = {
			isa = PBXGroup;
			children = (
				19CFD4072FC48B0C00BC45BB /* Stryde.app */,
				19CFD4162FC48B0E00BC45BB /* StrydeTests.xctest */,
				19CFD4202FC48B0E00BC45BB /* StrydeUITests.xctest */,
			);
			name = Products;
			sourceTree = "<group>";
		};
/* End PBXGroup section */

/* Begin PBXNativeTarget section */
		19CFD4062FC48B0C00BC45BB /* Stryde */ = {
			isa = PBXNativeTarget;
			buildConfigurationList = 19CFD42A2FC48B0E00BC45BB /* Build configuration list for PBXNativeTarget "Stryde" */;
			buildPhases = (
				19CFD4032FC48B0C00BC45BB /* Sources */,
				19CFD4042FC48B0C00BC45BB /* Frameworks */,
				19CFD4052FC48B0C00BC45BB /* Resources */,
			);
			buildRules = (
			);
			dependencies = (
			);
			fileSystemSynchronizedGroups = (
				19CFD4092FC48B0C00BC45BB /* Stryde */,
			);
			name = Stryde;
			packageProductDependencies = (
			);
			productName = Stryde;
			productReference = 19CFD4072FC48B0C00BC45BB /* Stryde.app */;
			productType = "com.apple.product-type.application";
		};
		19CFD4152FC48B0E00BC45BB /* StrydeTests */ = {
			isa = PBXNativeTarget;
			buildConfigurationList = 19CFD42D2FC48B0E00BC45BB /* Build configuration list for PBXNativeTarget "StrydeTests" */;
			buildPhases = (
				19CFD4122FC48B0E00BC45BB /* Sources */,
				19CFD4132FC48B0E00BC45BB /* Frameworks */,
				19CFD4142FC48B0E00BC45BB /* Resources */,
			);
			buildRules = (
			);
			dependencies = (
				19CFD4182FC48B0E00BC45BB /* PBXTargetDependency */,
			);
			fileSystemSynchronizedGroups = (
				19CFD4192FC48B0E00BC45BB /* StrydeTests */,
			);
			name = StrydeTests;
			packageProductDependencies = (
			);
			productName = StrydeTests;
			productReference = 19CFD4162FC48B0E00BC45BB /* StrydeTests.xctest */;
			productType = "com.apple.product-type.bundle.unit-test";
		};
		19CFD41F2FC48B0E00BC45BB /* StrydeUITests */ = {
			isa = PBXNativeTarget;
			buildConfigurationList = 19CFD4302FC48B0E00BC45BB /* Build configuration list for PBXNativeTarget "StrydeUITests" */;
			buildPhases = (
				19CFD41C2FC48B0E00BC45BB /* Sources */,
				19CFD41D2FC48B0E00BC45BB /* Frameworks */,
				19CFD41E2FC48B0E00BC45BB /* Resources */,
			);
			buildRules = (
			);
			dependencies = (
				19CFD4222FC48B0E00BC45BB /* PBXTargetDependency */,
			);
			fileSystemSynchronizedGroups = (
				19CFD4232FC48B0E00BC45BB /* StrydeUITests */,
			);
			name = StrydeUITests;
			packageProductDependencies = (
			);
			productName = StrydeUITests;
			productReference = 19CFD4202FC48B0E00BC45BB /* StrydeUITests.xctest */;
			productType = "com.apple.product-type.bundle.ui-testing";
		};
/* End PBXNativeTarget section */

/* Begin PBXProject section */
		19CFD3FF2FC48B0C00BC45BB /* Project object */ = {
			isa = PBXProject;
			attributes = {
				BuildIndependentTargetsInParallel = 1;
				LastSwiftUpdateCheck = 2600;
				LastUpgradeCheck = 2600;
				TargetAttributes = {
					19CFD4062FC48B0C00BC45BB = {
						CreatedOnToolsVersion = 26.0.1;
					};
					19CFD4152FC48B0E00BC45BB = {
						CreatedOnToolsVersion = 26.0.1;
						TestTargetID = 19CFD4062FC48B0C00BC45BB;
					};
					19CFD41F2FC48B0E00BC45BB = {
						CreatedOnToolsVersion = 26.0.1;
						TestTargetID = 19CFD4062FC48B0C00BC45BB;
					};
				};
			};
			buildConfigurationList = 19CFD4022FC48B0C00BC45BB /* Build configuration list for PBXProject "Stryde" */;
			developmentRegion = en;
			hasScannedForEncodings = 0;
			knownRegions = (
				en,
				Base,
			);
			mainGroup = 19CFD3FE2FC48B0C00BC45BB;
			minimizedProjectReferenceProxies = 1;
			preferredProjectObjectVersion = 77;
			productRefGroup = 19CFD4082FC48B0C00BC45BB /* Products */;
			projectDirPath = "";
			projectRoot = "";
			targets = (
				19CFD4062FC48B0C00BC45BB /* Stryde */,
				19CFD4152FC48B0E00BC45BB /* StrydeTests */,
				19CFD41F2FC48B0E00BC45BB /* StrydeUITests */,
			);
		};
/* End PBXProject section */

/* Begin PBXResourcesBuildPhase section */
		19CFD4052FC48B0C00BC45BB /* Resources */ = {
			isa = PBXResourcesBuildPhase;
			buildActionMask = 2147483647;
			files = (
			);
			runOnlyForDeploymentPostprocessing = 0;
		};
		19CFD4142FC48B0E00BC45BB /* Resources */ = {
			isa = PBXResourcesBuildPhase;
			buildActionMask = 2147483647;
			files = (
			);
			runOnlyForDeploymentPostprocessing = 0;
		};
		19CFD41E2FC48B0E00BC45BB /* Resources */ = {
			isa = PBXResourcesBuildPhase;
			buildActionMask = 2147483647;
			files = (
			);
			runOnlyForDeploymentPostprocessing = 0;
		};
/* End PBXResourcesBuildPhase section */

/* Begin PBXSourcesBuildPhase section */
		19CFD4032FC48B0C00BC45BB /* Sources */ = {
			isa = PBXSourcesBuildPhase;
			buildActionMask = 2147483647;
			files = (
			);
			runOnlyForDeploymentPostprocessing = 0;
		};
		19CFD4122FC48B0E00BC45BB /* Sources */ = {
			isa = PBXSourcesBuildPhase;
			buildActionMask = 2147483647;
			files = (
			);
			runOnlyForDeploymentPostprocessing = 0;
		};
		19CFD41C2FC48B0E00BC45BB /* Sources */ = {
			isa = PBXSourcesBuildPhase;
			buildActionMask = 2147483647;
			files = (
			);
			runOnlyForDeploymentPostprocessing = 0;
		};
/* End PBXSourcesBuildPhase section */

/* Begin PBXTargetDependency section */
		19CFD4182FC48B0E00BC45BB /* PBXTargetDependency */ = {
			isa = PBXTargetDependency;
			target = 19CFD4062FC48B0C00BC45BB /* Stryde */;
			targetProxy = 19CFD4172FC48B0E00BC45BB /* PBXContainerItemProxy */;
		};
		19CFD4222FC48B0E00BC45BB /* PBXTargetDependency */ = {
			isa = PBXTargetDependency;
			target = 19CFD4062FC48B0C00BC45BB /* Stryde */;
			targetProxy = 19CFD4212FC48B0E00BC45BB /* PBXContainerItemProxy */;
		};
/* End PBXTargetDependency section */

/* Begin XCBuildConfiguration section */
		19CFD4282FC48B0E00BC45BB /* Debug */ = {
			isa = XCBuildConfiguration;
			buildSettings = {
				ALWAYS_SEARCH_USER_PATHS = NO;
				ASSETCATALOG_COMPILER_GENERATE_SWIFT_ASSET_SYMBOL_EXTENSIONS = YES;
				CLANG_ANALYZER_NONNULL = YES;
				CLANG_ANALYZER_NUMBER_OBJECT_CONVERSION = YES_AGGRESSIVE;
				CLANG_CXX_LANGUAGE_STANDARD = "gnu++20";
				CLANG_ENABLE_MODULES = YES;
				CLANG_ENABLE_OBJC_ARC = YES;
				CLANG_ENABLE_OBJC_WEAK = YES;
				CLANG_WARN_BLOCK_CAPTURE_AUTORELEASING = YES;
				CLANG_WARN_BOOL_CONVERSION = YES;
				CLANG_WARN_COMMA = YES;
				CLANG_WARN_CONSTANT_CONVERSION = YES;
				CLANG_WARN_DEPRECATED_OBJC_IMPLEMENTATIONS = YES;
				CLANG_WARN_DIRECT_OBJC_ISA_USAGE = YES_ERROR;
				CLANG_WARN_DOCUMENTATION_COMMENTS = YES;
				CLANG_WARN_EMPTY_BODY = YES;
				CLANG_WARN_ENUM_CONVERSION = YES;
				CLANG_WARN_INFINITE_RECURSION = YES;
				CLANG_WARN_INT_CONVERSION = YES;
				CLANG_WARN_NON_LITERAL_NULL_CONVERSION = YES;
				CLANG_WARN_OBJC_IMPLICIT_RETAIN_SELF = YES;
				CLANG_WARN_OBJC_LITERAL_CONVERSION = YES;
				CLANG_WARN_OBJC_ROOT_CLASS = YES_ERROR;
				CLANG_WARN_QUOTED_INCLUDE_IN_FRAMEWORK_HEADER = YES;
				CLANG_WARN_RANGE_LOOP_ANALYSIS = YES;
				CLANG_WARN_STRICT_PROTOTYPES = YES;
				CLANG_WARN_SUSPICIOUS_MOVE = YES;
				CLANG_WARN_UNGUARDED_AVAILABILITY = YES_AGGRESSIVE;
				CLANG_WARN_UNREACHABLE_CODE = YES;
				CLANG_WARN__DUPLICATE_METHOD_MATCH = YES;
				COPY_PHASE_STRIP = NO;
				DEBUG_INFORMATION_FORMAT = dwarf;
				DEVELOPMENT_TEAM = GJ223M5D37;
				ENABLE_STRICT_OBJC_MSGSEND = YES;
				ENABLE_TESTABILITY = YES;
				ENABLE_USER_SCRIPT_SANDBOXING = YES;
				GCC_C_LANGUAGE_STANDARD = gnu17;
				GCC_DYNAMIC_NO_PIC = NO;
				GCC_NO_COMMON_BLOCKS = YES;
				GCC_OPTIMIZATION_LEVEL = 0;
				GCC_PREPROCESSOR_DEFINITIONS = (
					"DEBUG=1",
					"$(inherited)",
				);
				GCC_WARN_64_TO_32_BIT_CONVERSION = YES;
				GCC_WARN_ABOUT_RETURN_TYPE = YES_ERROR;
				GCC_WARN_UNDECLARED_SELECTOR = YES;
				GCC_WARN_UNINITIALIZED_AUTOS = YES_AGGRESSIVE;
				GCC_WARN_UNUSED_FUNCTION = YES;
				GCC_WARN_UNUSED_VARIABLE = YES;
				IPHONEOS_DEPLOYMENT_TARGET = 26.0;
				LOCALIZATION_PREFERS_STRING_CATALOGS = YES;
				MTL_ENABLE_DEBUG_INFO = INCLUDE_SOURCE;
				MTL_FAST_MATH = YES;
				ONLY_ACTIVE_ARCH = YES;
				SDKROOT = iphoneos;
				SWIFT_ACTIVE_COMPILATION_CONDITIONS = "DEBUG $(inherited)";
				SWIFT_OPTIMIZATION_LEVEL = "-Onone";
			};
			name = Debug;
		};
		19CFD4292FC48B0E00BC45BB /* Release */ = {
			isa = XCBuildConfiguration;
			buildSettings = {
				ALWAYS_SEARCH_USER_PATHS = NO;
				ASSETCATALOG_COMPILER_GENERATE_SWIFT_ASSET_SYMBOL_EXTENSIONS = YES;
				CLANG_ANALYZER_NONNULL = YES;
				CLANG_ANALYZER_NUMBER_OBJECT_CONVERSION = YES_AGGRESSIVE;
				CLANG_CXX_LANGUAGE_STANDARD = "gnu++20";
				CLANG_ENABLE_MODULES = YES;
				CLANG_ENABLE_OBJC_ARC = YES;
				CLANG_ENABLE_OBJC_WEAK = YES;
				CLANG_WARN_BLOCK_CAPTURE_AUTORELEASING = YES;
				CLANG_WARN_BOOL_CONVERSION = YES;
				CLANG_WARN_COMMA = YES;
				CLANG_WARN_CONSTANT_CONVERSION = YES;
				CLANG_WARN_DEPRECATED_OBJC_IMPLEMENTATIONS = YES;
				CLANG_WARN_DIRECT_OBJC_ISA_USAGE = YES_ERROR;
				CLANG_WARN_DOCUMENTATION_COMMENTS = YES;
				CLANG_WARN_EMPTY_BODY = YES;
				CLANG_WARN_ENUM_CONVERSION = YES;
				CLANG_WARN_INFINITE_RECURSION = YES;
				CLANG_WARN_INT_CONVERSION = YES;
				CLANG_WARN_NON_LITERAL_NULL_CONVERSION = YES;
				CLANG_WARN_OBJC_IMPLICIT_RETAIN_SELF = YES;
				CLANG_WARN_OBJC_LITERAL_CONVERSION = YES;
				CLANG_WARN_OBJC_ROOT_CLASS = YES_ERROR;
				CLANG_WARN_QUOTED_INCLUDE_IN_FRAMEWORK_HEADER = YES;
				CLANG_WARN_RANGE_LOOP_ANALYSIS = YES;
				CLANG_WARN_STRICT_PROTOTYPES = YES;
				CLANG_WARN_SUSPICIOUS_MOVE = YES;
				CLANG_WARN_UNGUARDED_AVAILABILITY = YES_AGGRESSIVE;
				CLANG_WARN_UNREACHABLE_CODE = YES;
				CLANG_WARN__DUPLICATE_METHOD_MATCH = YES;
				COPY_PHASE_STRIP = NO;
				DEBUG_INFORMATION_FORMAT = "dwarf-with-dsym";
				DEVELOPMENT_TEAM = GJ223M5D37;
				ENABLE_NS_ASSERTIONS = NO;
				ENABLE_STRICT_OBJC_MSGSEND = YES;
				ENABLE_USER_SCRIPT_SANDBOXING = YES;
				GCC_C_LANGUAGE_STANDARD = gnu17;
				GCC_NO_COMMON_BLOCKS = YES;
				GCC_WARN_64_TO_32_BIT_CONVERSION = YES;
				GCC_WARN_ABOUT_RETURN_TYPE = YES_ERROR;
				GCC_WARN_UNDECLARED_SELECTOR = YES;
				GCC_WARN_UNINITIALIZED_AUTOS = YES_AGGRESSIVE;
				GCC_WARN_UNUSED_FUNCTION = YES;
				GCC_WARN_UNUSED_VARIABLE = YES;
				IPHONEOS_DEPLOYMENT_TARGET = 26.0;
				LOCALIZATION_PREFERS_STRING_CATALOGS = YES;
				MTL_ENABLE_DEBUG_INFO = NO;
				MTL_FAST_MATH = YES;
				SDKROOT = iphoneos;
				SWIFT_COMPILATION_MODE = wholemodule;
				VALIDATE_PRODUCT = YES;
			};
			name = Release;
		};
		19CFD42B2FC48B0E00BC45BB /* Debug */ = {
			isa = XCBuildConfiguration;
			buildSettings = {
				ASSETCATALOG_COMPILER_APPICON_NAME = AppIcon;
				ASSETCATALOG_COMPILER_GLOBAL_ACCENT_COLOR_NAME = AccentColor;
				CODE_SIGN_STYLE = Automatic;
				CURRENT_PROJECT_VERSION = 1;
				DEVELOPMENT_TEAM = GJ223M5D37;
				ENABLE_PREVIEWS = YES;
				GENERATE_INFOPLIST_FILE = NO;
				INFOPLIST_FILE = Stryde/Info.plist;
				LD_RUNPATH_SEARCH_PATHS = (
					"$(inherited)",
					"@executable_path/Frameworks",
				);
				MARKETING_VERSION = 1.0;
				PRODUCT_BUNDLE_IDENTIFIER = "ch.memeti-solutions.Stryde";
				PRODUCT_NAME = "$(TARGET_NAME)";
				STRING_CATALOG_GENERATE_SYMBOLS = YES;
				SWIFT_APPROACHABLE_CONCURRENCY = YES;
				SWIFT_DEFAULT_ACTOR_ISOLATION = MainActor;
				SWIFT_EMIT_LOC_STRINGS = YES;
				SWIFT_UPCOMING_FEATURE_MEMBER_IMPORT_VISIBILITY = YES;
				SWIFT_VERSION = 5.0;
				TARGETED_DEVICE_FAMILY = "1,2";
			};
			name = Debug;
		};
		19CFD42C2FC48B0E00BC45BB /* Release */ = {
			isa = XCBuildConfiguration;
			buildSettings = {
				ASSETCATALOG_COMPILER_APPICON_NAME = AppIcon;
				ASSETCATALOG_COMPILER_GLOBAL_ACCENT_COLOR_NAME = AccentColor;
				CODE_SIGN_STYLE = Automatic;
				CURRENT_PROJECT_VERSION = 1;
				DEVELOPMENT_TEAM = GJ223M5D37;
				ENABLE_PREVIEWS = YES;
				GENERATE_INFOPLIST_FILE = NO;
				INFOPLIST_FILE = Stryde/Info.plist;
				LD_RUNPATH_SEARCH_PATHS = (
					"$(inherited)",
					"@executable_path/Frameworks",
				);
				MARKETING_VERSION = 1.0;
				PRODUCT_BUNDLE_IDENTIFIER = "ch.memeti-solutions.Stryde";
				PRODUCT_NAME = "$(TARGET_NAME)";
				STRING_CATALOG_GENERATE_SYMBOLS = YES;
				SWIFT_APPROACHABLE_CONCURRENCY = YES;
				SWIFT_DEFAULT_ACTOR_ISOLATION = MainActor;
				SWIFT_EMIT_LOC_STRINGS = YES;
				SWIFT_UPCOMING_FEATURE_MEMBER_IMPORT_VISIBILITY = YES;
				SWIFT_VERSION = 5.0;
				TARGETED_DEVICE_FAMILY = "1,2";
			};
			name = Release;
		};
		19CFD42E2FC48B0E00BC45BB /* Debug */ = {
			isa = XCBuildConfiguration;
			buildSettings = {
				BUNDLE_LOADER = "$(TEST_HOST)";
				CODE_SIGN_STYLE = Automatic;
				CURRENT_PROJECT_VERSION = 1;
				DEVELOPMENT_TEAM = GJ223M5D37;
				GENERATE_INFOPLIST_FILE = YES;
				IPHONEOS_DEPLOYMENT_TARGET = 26.0;
				MARKETING_VERSION = 1.0;
				PRODUCT_BUNDLE_IDENTIFIER = "ch.memeti-solutions.StrydeTests";
				PRODUCT_NAME = "$(TARGET_NAME)";
				STRING_CATALOG_GENERATE_SYMBOLS = NO;
				SWIFT_APPROACHABLE_CONCURRENCY = YES;
				SWIFT_EMIT_LOC_STRINGS = NO;
				SWIFT_UPCOMING_FEATURE_MEMBER_IMPORT_VISIBILITY = YES;
				SWIFT_VERSION = 5.0;
				TARGETED_DEVICE_FAMILY = "1,2";
				TEST_HOST = "$(BUILT_PRODUCTS_DIR)/Stryde.app/$(BUNDLE_EXECUTABLE_FOLDER_PATH)/Stryde";
			};
			name = Debug;
		};
		19CFD42F2FC48B0E00BC45BB /* Release */ = {
			isa = XCBuildConfiguration;
			buildSettings = {
				BUNDLE_LOADER = "$(TEST_HOST)";
				CODE_SIGN_STYLE = Automatic;
				CURRENT_PROJECT_VERSION = 1;
				DEVELOPMENT_TEAM = GJ223M5D37;
				GENERATE_INFOPLIST_FILE = YES;
				IPHONEOS_DEPLOYMENT_TARGET = 26.0;
				MARKETING_VERSION = 1.0;
				PRODUCT_BUNDLE_IDENTIFIER = "ch.memeti-solutions.StrydeTests";
				PRODUCT_NAME = "$(TARGET_NAME)";
				STRING_CATALOG_GENERATE_SYMBOLS = NO;
				SWIFT_APPROACHABLE_CONCURRENCY = YES;
				SWIFT_EMIT_LOC_STRINGS = NO;
				SWIFT_UPCOMING_FEATURE_MEMBER_IMPORT_VISIBILITY = YES;
				SWIFT_VERSION = 5.0;
				TARGETED_DEVICE_FAMILY = "1,2";
				TEST_HOST = "$(BUILT_PRODUCTS_DIR)/Stryde.app/$(BUNDLE_EXECUTABLE_FOLDER_PATH)/Stryde";
			};
			name = Release;
		};
		19CFD4312FC48B0E00BC45BB /* Debug */ = {
			isa = XCBuildConfiguration;
			buildSettings = {
				CODE_SIGN_STYLE = Automatic;
				CURRENT_PROJECT_VERSION = 1;
				DEVELOPMENT_TEAM = GJ223M5D37;
				GENERATE_INFOPLIST_FILE = YES;
				MARKETING_VERSION = 1.0;
				PRODUCT_BUNDLE_IDENTIFIER = "ch.memeti-solutions.StrydeUITests";
				PRODUCT_NAME = "$(TARGET_NAME)";
				STRING_CATALOG_GENERATE_SYMBOLS = NO;
				SWIFT_APPROACHABLE_CONCURRENCY = YES;
				SWIFT_EMIT_LOC_STRINGS = NO;
				SWIFT_UPCOMING_FEATURE_MEMBER_IMPORT_VISIBILITY = YES;
				SWIFT_VERSION = 5.0;
				TARGETED_DEVICE_FAMILY = "1,2";
				TEST_TARGET_NAME = Stryde;
			};
			name = Debug;
		};
		19CFD4322FC48B0E00BC45BB /* Release */ = {
			isa = XCBuildConfiguration;
			buildSettings = {
				CODE_SIGN_STYLE = Automatic;
				CURRENT_PROJECT_VERSION = 1;
				DEVELOPMENT_TEAM = GJ223M5D37;
				GENERATE_INFOPLIST_FILE = YES;
				MARKETING_VERSION = 1.0;
				PRODUCT_BUNDLE_IDENTIFIER = "ch.memeti-solutions.StrydeUITests";
				PRODUCT_NAME = "$(TARGET_NAME)";
				STRING_CATALOG_GENERATE_SYMBOLS = NO;
				SWIFT_APPROACHABLE_CONCURRENCY = YES;
				SWIFT_EMIT_LOC_STRINGS = NO;
				SWIFT_UPCOMING_FEATURE_MEMBER_IMPORT_VISIBILITY = YES;
				SWIFT_VERSION = 5.0;
				TARGETED_DEVICE_FAMILY = "1,2";
				TEST_TARGET_NAME = Stryde;
			};
			name = Release;
		};
/* End XCBuildConfiguration section */

/* Begin XCConfigurationList section */
		19CFD4022FC48B0C00BC45BB /* Build configuration list for PBXProject "Stryde" */ = {
			isa = XCConfigurationList;
			buildConfigurations = (
				19CFD4282FC48B0E00BC45BB /* Debug */,
				19CFD4292FC48B0E00BC45BB /* Release */,
			);
			defaultConfigurationIsVisible = 0;
			defaultConfigurationName = Release;
		};
		19CFD42A2FC48B0E00BC45BB /* Build configuration list for PBXNativeTarget "Stryde" */ = {
			isa = XCConfigurationList;
			buildConfigurations = (
				19CFD42B2FC48B0E00BC45BB /* Debug */,
				19CFD42C2FC48B0E00BC45BB /* Release */,
			);
			defaultConfigurationIsVisible = 0;
			defaultConfigurationName = Release;
		};
		19CFD42D2FC48B0E00BC45BB /* Build configuration list for PBXNativeTarget "StrydeTests" */ = {
			isa = XCConfigurationList;
			buildConfigurations = (
				19CFD42E2FC48B0E00BC45BB /* Debug */,
				19CFD42F2FC48B0E00BC45BB /* Release */,
			);
			defaultConfigurationIsVisible = 0;
			defaultConfigurationName = Release;
		};
		19CFD4302FC48B0E00BC45BB /* Build configuration list for PBXNativeTarget "StrydeUITests" */ = {
			isa = XCConfigurationList;
			buildConfigurations = (
				19CFD4312FC48B0E00BC45BB /* Debug */,
				19CFD4322FC48B0E00BC45BB /* Release */,
			);
			defaultConfigurationIsVisible = 0;
			defaultConfigurationName = Release;
		};
/* End XCConfigurationList section */
	};
	rootObject = 19CFD3FF2FC48B0C00BC45BB /* Project object */;
}
